// !$*UTF8*$!
{
	archiveVersion = 1;
	classes = {
	};
	objectVersion = 50;
	objects = {

/* Begin PBXBuildFile section */
		FA0E8CCA26CC2EA20034BB09 /* StonksPumpApp.swift in Sources */ = {isa = PBXBuildFile; fileRef = FA0E8CC926CC2EA20034BB09 /* StonksPumpApp.swift */; };
		FA0E8CCC26CC2EA20034BB09 /* ContentView.swift in Sources */ = {isa = PBXBuildFile; fileRef = FA0E8CCB26CC2EA20034BB09 /* ContentView.swift */; };
		FA0E8CD126CC2EA40034BB09 /* Preview Assets.xcassets in Resources */ = {isa = PBXBuildFile; fileRef = FA0E8CD026CC2EA40034BB09 /* Preview Assets.xcassets */; };
		FA0E8CD926CC305B0034BB09 /* Assets.xcassets in Resources */ = {isa = PBXBuildFile; fileRef = FA0E8CD826CC305B0034BB09 /* Assets.xcassets */; };
		FA0E8CDC26CC36150034BB09 /* Color.swift in Sources */ = {isa = PBXBuildFile; fileRef = FA0E8CDB26CC36150034BB09 /* Color.swift */; };
		FA0E8CE426CC3B840034BB09 /* HomeView.swift in Sources */ = {isa = PBXBuildFile; fileRef = FA0E8CE326CC3B840034BB09 /* HomeView.swift */; };
		FA0E8CE826CD8B480034BB09 /* CircleButtonView.swift in Sources */ = {isa = PBXBuildFile; fileRef = FA0E8CE726CD8B480034BB09 /* CircleButtonView.swift */; };
		FA0E8CEA26CD92B80034BB09 /* CircleButtonAnimationView.swift in Sources */ = {isa = PBXBuildFile; fileRef = FA0E8CE926CD92B80034BB09 /* CircleButtonAnimationView.swift */; };
		FA0E8CED26CD97280034BB09 /* CoinModel.swift in Sources */ = {isa = PBXBuildFile; fileRef = FA0E8CEC26CD97280034BB09 /* CoinModel.swift */; };
		FA0E8CEF26CECF120034BB09 /* CoinRowView.swift in Sources */ = {isa = PBXBuildFile; fileRef = FA0E8CEE26CECF120034BB09 /* CoinRowView.swift */; };
		FA0E8CF126CECF770034BB09 /* PreviewProvider.swift in Sources */ = {isa = PBXBuildFile; fileRef = FA0E8CF026CECF770034BB09 /* PreviewProvider.swift */; };
		FA0E8CF326CED7110034BB09 /* Double.swift in Sources */ = {isa = PBXBuildFile; fileRef = FA0E8CF226CED7110034BB09 /* Double.swift */; };
		FA0E8CF526D02DC70034BB09 /* HomeViewModel.swift in Sources */ = {isa = PBXBuildFile; fileRef = FA0E8CF426D02DC70034BB09 /* HomeViewModel.swift */; };
		FA0E8CF826D1166B0034BB09 /* CoinDataService.swift in Sources */ = {isa = PBXBuildFile; fileRef = FA0E8CF726D1166B0034BB09 /* CoinDataService.swift */; };
		FA0E8CFB26D153EB0034BB09 /* NetworkingManager.swift in Sources */ = {isa = PBXBuildFile; fileRef = FA0E8CFA26D153EB0034BB09 /* NetworkingManager.swift */; };
		FA0E8CFE26D18B370034BB09 /* CoinImageView.swift in Sources */ = {isa = PBXBuildFile; fileRef = FA0E8CFD26D18B370034BB09 /* CoinImageView.swift */; };
		FA0E8D0026D18D2F0034BB09 /* CoinImageService.swift in Sources */ = {isa = PBXBuildFile; fileRef = FA0E8CFF26D18D2F0034BB09 /* CoinImageService.swift */; };
		FA0E8D0226D197230034BB09 /* CoinImageViewModel.swift in Sources */ = {isa = PBXBuildFile; fileRef = FA0E8D0126D197230034BB09 /* CoinImageViewModel.swift */; };
		FA0E8D0426D2594F0034BB09 /* LocalFileManager.swift in Sources */ = {isa = PBXBuildFile; fileRef = FA0E8D0326D2594F0034BB09 /* LocalFileManager.swift */; };
		FA0E8D0626D27BC40034BB09 /* SearchBarView.swift in Sources */ = {isa = PBXBuildFile; fileRef = FA0E8D0526D27BC40034BB09 /* SearchBarView.swift */; };
		FA0E8D0826D2822E0034BB09 /* UIApplication.swift in Sources */ = {isa = PBXBuildFile; fileRef = FA0E8D0726D2822E0034BB09 /* UIApplication.swift */; };
		FA0E8D0A26D419B80034BB09 /* StatisticModel.swift in Sources */ = {isa = PBXBuildFile; fileRef = FA0E8D0926D419B80034BB09 /* StatisticModel.swift */; };
		FA0E8D0C26D41B470034BB09 /* StatisticView.swift in Sources */ = {isa = PBXBuildFile; fileRef = FA0E8D0B26D41B470034BB09 /* StatisticView.swift */; };
		FA0E8D0E26D420420034BB09 /* HomeStatsView.swift in Sources */ = {isa = PBXBuildFile; fileRef = FA0E8D0D26D420420034BB09 /* HomeStatsView.swift */; };
		FA0E8D1026D43A140034BB09 /* MarketDataModel.swift in Sources */ = {isa = PBXBuildFile; fileRef = FA0E8D0F26D43A140034BB09 /* MarketDataModel.swift */; };
		FA0E8D1226D67C390034BB09 /* MarketDataService.swift in Sources */ = {isa = PBXBuildFile; fileRef = FA0E8D1126D67C390034BB09 /* MarketDataService.swift */; };
		FA0E8D1426DABA740034BB09 /* PortfolioView.swift in Sources */ = {isa = PBXBuildFile; fileRef = FA0E8D1326DABA740034BB09 /* PortfolioView.swift */; };
		FA0E8D1626DABEF80034BB09 /* XMarkButton.swift in Sources */ = {isa = PBXBuildFile; fileRef = FA0E8D1526DABEF80034BB09 /* XMarkButton.swift */; };
		FA0E8D1826DAC3BB0034BB09 /* CoinLogoView.swift in Sources */ = {isa = PBXBuildFile; fileRef = FA0E8D1726DAC3BB0034BB09 /* CoinLogoView.swift */; };
		FA0E8D1B26DB99510034BB09 /* PortfolioContainer.xcdatamodeld in Sources */ = {isa = PBXBuildFile; fileRef = FA0E8D1926DB99510034BB09 /* PortfolioContainer.xcdatamodeld */; };
		FA0E8D1D26DB9A170034BB09 /* PortfolioDataService.swift in Sources */ = {isa = PBXBuildFile; fileRef = FA0E8D1C26DB9A170034BB09 /* PortfolioDataService.swift */; };
		FA0E8D1F26E0DEB90034BB09 /* HapticManager.swift in Sources */ = {isa = PBXBuildFile; fileRef = FA0E8D1E26E0DEB90034BB09 /* HapticManager.swift */; };
		FA81E7DB26F26E97008A0CFC /* DetailView.swift in Sources */ = {isa = PBXBuildFile; fileRef = FA81E7DA26F26E97008A0CFC /* DetailView.swift */; };
/* End PBXBuildFile section */

/* Begin PBXFileReference section */
		FA0E8CC626CC2EA20034BB09 /* StonksPump.app */ = {isa = PBXFileReference; explicitFileType = wrapper.application; includeInIndex = 0; path = StonksPump.app; sourceTree = BUILT_PRODUCTS_DIR; };
		FA0E8CC926CC2EA20034BB09 /* StonksPumpApp.swift */ = {isa = PBXFileReference; lastKnownFileType = sourcecode.swift; path = StonksPumpApp.swift; sourceTree = "<group>"; };
		FA0E8CCB26CC2EA20034BB09 /* ContentView.swift */ = {isa = PBXFileReference; lastKnownFileType = sourcecode.swift; path = ContentView.swift; sourceTree = "<group>"; };
		FA0E8CD026CC2EA40034BB09 /* Preview Assets.xcassets */ = {isa = PBXFileReference; lastKnownFileType = folder.assetcatalog; path = "Preview Assets.xcassets"; sourceTree = "<group>"; };
		FA0E8CD226CC2EA40034BB09 /* Info.plist */ = {isa = PBXFileReference; lastKnownFileType = text.plist.xml; path = Info.plist; sourceTree = "<group>"; };
		FA0E8CD826CC305B0034BB09 /* Assets.xcassets */ = {isa = PBXFileReference; lastKnownFileType = folder.assetcatalog; name = Assets.xcassets; path = ../../../../Downloads/Resources/Assets.xcassets; sourceTree = "<group>"; };
		FA0E8CDB26CC36150034BB09 /* Color.swift */ = {isa = PBXFileReference; lastKnownFileType = sourcecode.swift; path = Color.swift; sourceTree = "<group>"; };
		FA0E8CE326CC3B840034BB09 /* HomeView.swift */ = {isa = PBXFileReference; lastKnownFileType = sourcecode.swift; path = HomeView.swift; sourceTree = "<group>"; };
		FA0E8CE726CD8B480034BB09 /* CircleButtonView.swift */ = {isa = PBXFileReference; lastKnownFileType = sourcecode.swift; path = CircleButtonView.swift; sourceTree = "<group>"; };
		FA0E8CE926CD92B80034BB09 /* CircleButtonAnimationView.swift */ = {isa = PBXFileReference; lastKnownFileType = sourcecode.swift; path = CircleButtonAnimationView.swift; sourceTree = "<group>"; };
		FA0E8CEC26CD97280034BB09 /* CoinModel.swift */ = {isa = PBXFileReference; lastKnownFileType = sourcecode.swift; path = CoinModel.swift; sourceTree = "<group>"; };
		FA0E8CEE26CECF120034BB09 /* CoinRowView.swift */ = {isa = PBXFileReference; lastKnownFileType = sourcecode.swift; path = CoinRowView.swift; sourceTree = "<group>"; };
		FA0E8CF026CECF770034BB09 /* PreviewProvider.swift */ = {isa = PBXFileReference; lastKnownFileType = sourcecode.swift; path = PreviewProvider.swift; sourceTree = "<group>"; };
		FA0E8CF226CED7110034BB09 /* Double.swift */ = {isa = PBXFileReference; lastKnownFileType = sourcecode.swift; path = Double.swift; sourceTree = "<group>"; };
		FA0E8CF426D02DC70034BB09 /* HomeViewModel.swift */ = {isa = PBXFileReference; lastKnownFileType = sourcecode.swift; path = HomeViewModel.swift; sourceTree = "<group>"; };
		FA0E8CF726D1166B0034BB09 /* CoinDataService.swift */ = {isa = PBXFileReference; lastKnownFileType = sourcecode.swift; path = CoinDataService.swift; sourceTree = "<group>"; };
		FA0E8CFA26D153EB0034BB09 /* NetworkingManager.swift */ = {isa = PBXFileReference; lastKnownFileType = sourcecode.swift; path = NetworkingManager.swift; sourceTree = "<group>"; };
		FA0E8CFD26D18B370034BB09 /* CoinImageView.swift */ = {isa = PBXFileReference; lastKnownFileType = sourcecode.swift; path = CoinImageView.swift; sourceTree = "<group>"; };
		FA0E8CFF26D18D2F0034BB09 /* CoinImageService.swift */ = {isa = PBXFileReference; lastKnownFileType = sourcecode.swift; path = CoinImageService.swift; sourceTree = "<group>"; };
		FA0E8D0126D197230034BB09 /* CoinImageViewModel.swift */ = {isa = PBXFileReference; lastKnownFileType = sourcecode.swift; path = CoinImageViewModel.swift; sourceTree = "<group>"; };
		FA0E8D0326D2594F0034BB09 /* LocalFileManager.swift */ = {isa = PBXFileReference; lastKnownFileType = sourcecode.swift; path = LocalFileManager.swift; sourceTree = "<group>"; };
		FA0E8D0526D27BC40034BB09 /* SearchBarView.swift */ = {isa = PBXFileReference; lastKnownFileType = sourcecode.swift; path = SearchBarView.swift; sourceTree = "<group>"; };
		FA0E8D0726D2822E0034BB09 /* UIApplication.swift */ = {isa = PBXFileReference; lastKnownFileType = sourcecode.swift; path = UIApplication.swift; sourceTree = "<group>"; };
		FA0E8D0926D419B80034BB09 /* StatisticModel.swift */ = {isa = PBXFileReference; lastKnownFileType = sourcecode.swift; path = StatisticModel.swift; sourceTree = "<group>"; };
		FA0E8D0B26D41B470034BB09 /* StatisticView.swift */ = {isa = PBXFileReference; lastKnownFileType = sourcecode.swift; path = StatisticView.swift; sourceTree = "<group>"; };
		FA0E8D0D26D420420034BB09 /* HomeStatsView.swift */ = {isa = PBXFileReference; lastKnownFileType = sourcecode.swift; path = HomeStatsView.swift; sourceTree = "<group>"; };
		FA0E8D0F26D43A140034BB09 /* MarketDataModel.swift */ = {isa = PBXFileReference; lastKnownFileType = sourcecode.swift; path = MarketDataModel.swift; sourceTree = "<group>"; };
		FA0E8D1126D67C390034BB09 /* MarketDataService.swift */ = {isa = PBXFileReference; lastKnownFileType = sourcecode.swift; path = MarketDataService.swift; sourceTree = "<group>"; };
		FA0E8D1326DABA740034BB09 /* PortfolioView.swift */ = {isa = PBXFileReference; lastKnownFileType = sourcecode.swift; path = PortfolioView.swift; sourceTree = "<group>"; };
		FA0E8D1526DABEF80034BB09 /* XMarkButton.swift */ = {isa = PBXFileReference; lastKnownFileType = sourcecode.swift; path = XMarkButton.swift; sourceTree = "<group>"; };
		FA0E8D1726DAC3BB0034BB09 /* CoinLogoView.swift */ = {isa = PBXFileReference; lastKnownFileType = sourcecode.swift; path = CoinLogoView.swift; sourceTree = "<group>"; };
		FA0E8D1A26DB99510034BB09 /* PortfolioContainer.xcdatamodel */ = {isa = PBXFileReference; lastKnownFileType = wrapper.xcdatamodel; path = PortfolioContainer.xcdatamodel; sourceTree = "<group>"; };
		FA0E8D1C26DB9A170034BB09 /* PortfolioDataService.swift */ = {isa = PBXFileReference; lastKnownFileType = sourcecode.swift; path = PortfolioDataService.swift; sourceTree = "<group>"; };
		FA0E8D1E26E0DEB90034BB09 /* HapticManager.swift */ = {isa = PBXFileReference; lastKnownFileType = sourcecode.swift; path = HapticManager.swift; sourceTree = "<group>"; };
		FA81E7DA26F26E97008A0CFC /* DetailView.swift */ = {isa = PBXFileReference; lastKnownFileType = sourcecode.swift; path = DetailView.swift; sourceTree = "<group>"; };
/* End PBXFileReference section */

/* Begin PBXFrameworksBuildPhase section */
		FA0E8CC326CC2EA20034BB09 /* Frameworks */ = {
			isa = PBXFrameworksBuildPhase;
			buildActionMask = 2147483647;
			files = (
			);
			runOnlyForDeploymentPostprocessing = 0;
		};
/* End PBXFrameworksBuildPhase section */

/* Begin PBXGroup section */
		FA0E8CBD26CC2EA20034BB09 = {
			isa = PBXGroup;
			children = (
				FA0E8CC826CC2EA20034BB09 /* StonksPump */,
				FA0E8CC726CC2EA20034BB09 /* Products */,
			);
			sourceTree = "<group>";
		};
		FA0E8CC726CC2EA20034BB09 /* Products */ = {
			isa = PBXGroup;
			children = (
				FA0E8CC626CC2EA20034BB09 /* StonksPump.app */,
			);
			name = Products;
			sourceTree = "<group>";
		};
		FA0E8CC826CC2EA20034BB09 /* StonksPump */ = {
			isa = PBXGroup;
			children = (
				FA0E8CF926D153A00034BB09 /* Utilities */,
				FA0E8CDA26CC35EE0034BB09 /* Extensions */,
				FA0E8CF626D115330034BB09 /* Services */,
				FA0E8CEB26CD96EC0034BB09 /* Models */,
				FA0E8CDD26CC3B060034BB09 /* Core */,
				FA0E8CC926CC2EA20034BB09 /* StonksPumpApp.swift */,
				FA0E8CCB26CC2EA20034BB09 /* ContentView.swift */,
				FA0E8CD826CC305B0034BB09 /* Assets.xcassets */,
				FA0E8CD226CC2EA40034BB09 /* Info.plist */,
				FA0E8CCF26CC2EA40034BB09 /* Preview Content */,
			);
			path = StonksPump;
			sourceTree = "<group>";
		};
		FA0E8CCF26CC2EA40034BB09 /* Preview Content */ = {
			isa = PBXGroup;
			children = (
				FA0E8CD026CC2EA40034BB09 /* Preview Assets.xcassets */,
			);
			path = "Preview Content";
			sourceTree = "<group>";
		};
		FA0E8CDA26CC35EE0034BB09 /* Extensions */ = {
			isa = PBXGroup;
			children = (
				FA0E8CDB26CC36150034BB09 /* Color.swift */,
				FA0E8CF026CECF770034BB09 /* PreviewProvider.swift */,
				FA0E8CF226CED7110034BB09 /* Double.swift */,
				FA0E8D0726D2822E0034BB09 /* UIApplication.swift */,
			);
			path = Extensions;
			sourceTree = "<group>";
		};
		FA0E8CDD26CC3B060034BB09 /* Core */ = {
			isa = PBXGroup;
			children = (
				FA0E8CE526CD8B150034BB09 /* Components */,
				FA81E7D726F26E0C008A0CFC /* Detail */,
				FA0E8CDE26CC3B220034BB09 /* Home */,
			);
			path = Core;
			sourceTree = "<group>";
		};
		FA0E8CDE26CC3B220034BB09 /* Home */ = {
			isa = PBXGroup;
			children = (
				FA0E8CE026CC3B380034BB09 /* ViewModels */,
				FA0E8CDF26CC3B290034BB09 /* Views */,
			);
			path = Home;
			sourceTree = "<group>";
		};
		FA0E8CDF26CC3B290034BB09 /* Views */ = {
			isa = PBXGroup;
			children = (
				FA0E8CE326CC3B840034BB09 /* HomeView.swift */,
				FA0E8CEE26CECF120034BB09 /* CoinRowView.swift */,
				FA0E8D0D26D420420034BB09 /* HomeStatsView.swift */,
				FA0E8D1326DABA740034BB09 /* PortfolioView.swift */,
			);
			path = Views;
			sourceTree = "<group>";
		};
		FA0E8CE026CC3B380034BB09 /* ViewModels */ = {
			isa = PBXGroup;
			children = (
				FA0E8CF426D02DC70034BB09 /* HomeViewModel.swift */,
			);
			path = ViewModels;
			sourceTree = "<group>";
		};
		FA0E8CE526CD8B150034BB09 /* Components */ = {
			isa = PBXGroup;
			children = (
				FA0E8D0B26D41B470034BB09 /* StatisticView.swift */,
				FA0E8D0526D27BC40034BB09 /* SearchBarView.swift */,
				FA0E8D1526DABEF80034BB09 /* XMarkButton.swift */,
				FA0E8CFC26D18B170034BB09 /* CoinImage */,
				FA0E8CE626CD8B2D0034BB09 /* CircleButoon */,
			);
			path = Components;
			sourceTree = "<group>";
		};
		FA0E8CE626CD8B2D0034BB09 /* CircleButoon */ = {
			isa = PBXGroup;
			children = (
				FA0E8CE726CD8B480034BB09 /* CircleButtonView.swift */,
				FA0E8CE926CD92B80034BB09 /* CircleButtonAnimationView.swift */,
			);
			path = CircleButoon;
			sourceTree = "<group>";
		};
		FA0E8CEB26CD96EC0034BB09 /* Models */ = {
			isa = PBXGroup;
			children = (
				FA0E8CEC26CD97280034BB09 /* CoinModel.swift */,
				FA0E8D0926D419B80034BB09 /* StatisticModel.swift */,
				FA0E8D0F26D43A140034BB09 /* MarketDataModel.swift */,
				FA0E8D1926DB99510034BB09 /* PortfolioContainer.xcdatamodeld */,
			);
			path = Models;
			sourceTree = "<group>";
		};
		FA0E8CF626D115330034BB09 /* Services */ = {
			isa = PBXGroup;
			children = (
				FA0E8CF726D1166B0034BB09 /* CoinDataService.swift */,
				FA0E8CFF26D18D2F0034BB09 /* CoinImageService.swift */,
				FA0E8D1126D67C390034BB09 /* MarketDataService.swift */,
				FA0E8D1C26DB9A170034BB09 /* PortfolioDataService.swift */,
			);
			path = Services;
			sourceTree = "<group>";
		};
		FA0E8CF926D153A00034BB09 /* Utilities */ = {
			isa = PBXGroup;
			children = (
				FA0E8CFA26D153EB0034BB09 /* NetworkingManager.swift */,
				FA0E8D0326D2594F0034BB09 /* LocalFileManager.swift */,
				FA0E8D1E26E0DEB90034BB09 /* HapticManager.swift */,
			);
			path = Utilities;
			sourceTree = "<group>";
		};
		FA0E8CFC26D18B170034BB09 /* CoinImage */ = {
			isa = PBXGroup;
			children = (
				FA0E8CFD26D18B370034BB09 /* CoinImageView.swift */,
				FA0E8D0126D197230034BB09 /* CoinImageViewModel.swift */,
				FA0E8D1726DAC3BB0034BB09 /* CoinLogoView.swift */,
			);
			path = CoinImage;
			sourceTree = "<group>";
		};
		FA81E7D726F26E0C008A0CFC /* Detail */ = {
			isa = PBXGroup;
			children = (
				FA81E7D926F26E47008A0CFC /* ViewModels */,
				FA81E7D826F26E3D008A0CFC /* View */,
			);
			path = Detail;
			sourceTree = "<group>";
		};
		FA81E7D826F26E3D008A0CFC /* View */ = {
			isa = PBXGroup;
			children = (
				FA81E7DA26F26E97008A0CFC /* DetailView.swift */,
			);
			path = View;
			sourceTree = "<group>";
		};
		FA81E7D926F26E47008A0CFC /* ViewModels */ = {
			isa = PBXGroup;
			children = (
			);
			path = ViewModels;
			sourceTree = "<group>";
		};
/* End PBXGroup section */

/* Begin PBXNativeTarget section */
		FA0E8CC526CC2EA20034BB09 /* StonksPump */ = {
			isa = PBXNativeTarget;
			buildConfigurationList = FA0E8CD526CC2EA40034BB09 /* Build configuration list for PBXNativeTarget "StonksPump" */;
			buildPhases = (
				FA0E8CC226CC2EA20034BB09 /* Sources */,
				FA0E8CC326CC2EA20034BB09 /* Frameworks */,
				FA0E8CC426CC2EA20034BB09 /* Resources */,
			);
			buildRules = (
			);
			dependencies = (
			);
			name = StonksPump;
			productName = StonksPump;
			productReference = FA0E8CC626CC2EA20034BB09 /* StonksPump.app */;
			productType = "com.apple.product-type.application";
		};
/* End PBXNativeTarget section */

/* Begin PBXProject section */
		FA0E8CBE26CC2EA20034BB09 /* Project object */ = {
			isa = PBXProject;
			attributes = {
				LastSwiftUpdateCheck = 1250;
				LastUpgradeCheck = 1250;
				TargetAttributes = {
					FA0E8CC526CC2EA20034BB09 = {
						CreatedOnToolsVersion = 12.5.1;
					};
				};
			};
			buildConfigurationList = FA0E8CC126CC2EA20034BB09 /* Build configuration list for PBXProject "StonksPump" */;
			compatibilityVersion = "Xcode 9.3";
			developmentRegion = en;
			hasScannedForEncodings = 0;
			knownRegions = (
				en,
				Base,
			);
			mainGroup = FA0E8CBD26CC2EA20034BB09;
			productRefGroup = FA0E8CC726CC2EA20034BB09 /* Products */;
			projectDirPath = "";
			projectRoot = "";
			targets = (
				FA0E8CC526CC2EA20034BB09 /* StonksPump */,
			);
		};
/* End PBXProject section */

/* Begin PBXResourcesBuildPhase section */
		FA0E8CC426CC2EA20034BB09 /* Resources */ = {
			isa = PBXResourcesBuildPhase;
			buildActionMask = 2147483647;
			files = (
				FA0E8CD126CC2EA40034BB09 /* Preview Assets.xcassets in Resources */,
				FA0E8CD926CC305B0034BB09 /* Assets.xcassets in Resources */,
			);
			runOnlyForDeploymentPostprocessing = 0;
		};
/* End PBXResourcesBuildPhase section */

/* Begin PBXSourcesBuildPhase section */
		FA0E8CC226CC2EA20034BB09 /* Sources */ = {
			isa = PBXSourcesBuildPhase;
			buildActionMask = 2147483647;
			files = (
				FA0E8D1B26DB99510034BB09 /* PortfolioContainer.xcdatamodeld in Sources */,
				FA0E8D0A26D419B80034BB09 /* StatisticModel.swift in Sources */,
				FA0E8CF826D1166B0034BB09 /* CoinDataService.swift in Sources */,
				FA0E8CEF26CECF120034BB09 /* CoinRowView.swift in Sources */,
				FA0E8D1626DABEF80034BB09 /* XMarkButton.swift in Sources */,
				FA0E8CF526D02DC70034BB09 /* HomeViewModel.swift in Sources */,
				FA0E8CCC26CC2EA20034BB09 /* ContentView.swift in Sources */,
				FA0E8D0426D2594F0034BB09 /* LocalFileManager.swift in Sources */,
				FA0E8D1026D43A140034BB09 /* MarketDataModel.swift in Sources */,
				FA0E8CE426CC3B840034BB09 /* HomeView.swift in Sources */,
				FA0E8D0C26D41B470034BB09 /* StatisticView.swift in Sources */,
				FA0E8CFE26D18B370034BB09 /* CoinImageView.swift in Sources */,
				FA0E8CCA26CC2EA20034BB09 /* StonksPumpApp.swift in Sources */,
				FA0E8D0826D2822E0034BB09 /* UIApplication.swift in Sources */,
				FA0E8CE826CD8B480034BB09 /* CircleButtonView.swift in Sources */,
				FA0E8CDC26CC36150034BB09 /* Color.swift in Sources */,
				FA81E7DB26F26E97008A0CFC /* DetailView.swift in Sources */,
				FA0E8D1F26E0DEB90034BB09 /* HapticManager.swift in Sources */,
				FA0E8D0626D27BC40034BB09 /* SearchBarView.swift in Sources */,
				FA0E8CFB26D153EB0034BB09 /* NetworkingManager.swift in Sources */,
				FA0E8D1826DAC3BB0034BB09 /* CoinLogoView.swift in Sources */,
				FA0E8D0E26D420420034BB09 /* HomeStatsView.swift in Sources */,
				FA0E8D1226D67C390034BB09 /* MarketDataService.swift in Sources */,
				FA0E8CEA26CD92B80034BB09 /* CircleButtonAnimationView.swift in Sources */,
				FA0E8D0226D197230034BB09 /* CoinImageViewModel.swift in Sources */,
				FA0E8CF126CECF770034BB09 /* PreviewProvider.swift in Sources */,
				FA0E8D1426DABA740034BB09 /* PortfolioView.swift in Sources */,
				FA0E8CF326CED7110034BB09 /* Double.swift in Sources */,
				FA0E8D0026D18D2F0034BB09 /* CoinImageService.swift in Sources */,
				FA0E8CED26CD97280034BB09 /* CoinModel.swift in Sources */,
				FA0E8D1D26DB9A170034BB09 /* PortfolioDataService.swift in Sources */,
			);
			runOnlyForDeploymentPostprocessing = 0;
		};
/* End PBXSourcesBuildPhase section */

/* Begin XCBuildConfiguration section */
		FA0E8CD326CC2EA40034BB09 /* Debug */ = {
			isa = XCBuildConfiguration;
			buildSettings = {
				ALWAYS_SEARCH_USER_PATHS = NO;
				CLANG_ANALYZER_NONNULL = YES;
				CLANG_ANALYZER_NUMBER_OBJECT_CONVERSION = YES_AGGRESSIVE;
				CLANG_CXX_LANGUAGE_STANDARD = "gnu++14";
				CLANG_CXX_LIBRARY = "libc++";
				CLANG_ENABLE_MODULES = YES;
				CLANG_ENABLE_OBJC_ARC = YES;
				CLANG_ENABLE_OBJC_WEAK = YES;
				CLANG_WARN_BLOCK_CAPTURE_AUTORELEASING = YES;
				CLANG_WARN_BOOL_CONVERSION = YES;
				CLANG_WARN_COMMA = YES;
				CLANG_WARN_CONSTANT_CONVERSION = YES;
				CLANG_WARN_DEPRECATED_OBJC_IMPLEMENTATIONS = YES;
				CLANG_WARN_DIRECT_OBJC_ISA_USAGE = YES_ERROR;
				CLANG_WARN_DOCUMENTATION_COMMENTS = YES;
				CLANG_WARN_EMPTY_BODY = YES;
				CLANG_WARN_ENUM_CONVERSION = YES;
				CLANG_WARN_INFINITE_RECURSION = YES;
				CLANG_WARN_INT_CONVERSION = YES;
				CLANG_WARN_NON_LITERAL_NULL_CONVERSION = YES;
				CLANG_WARN_OBJC_IMPLICIT_RETAIN_SELF = YES;
				CLANG_WARN_OBJC_LITERAL_CONVERSION = YES;
				CLANG_WARN_OBJC_ROOT_CLASS = YES_ERROR;
				CLANG_WARN_QUOTED_INCLUDE_IN_FRAMEWORK_HEADER = YES;
				CLANG_WARN_RANGE_LOOP_ANALYSIS = YES;
				CLANG_WARN_STRICT_PROTOTYPES = YES;
				CLANG_WARN_SUSPICIOUS_MOVE = YES;
				CLANG_WARN_UNGUARDED_AVAILABILITY = YES_AGGRESSIVE;
				CLANG_WARN_UNREACHABLE_CODE = YES;
				CLANG_WARN__DUPLICATE_METHOD_MATCH = YES;
				COPY_PHASE_STRIP = NO;
				DEBUG_INFORMATION_FORMAT = dwarf;
				ENABLE_STRICT_OBJC_MSGSEND = YES;
				ENABLE_TESTABILITY = YES;
				GCC_C_LANGUAGE_STANDARD = gnu11;
				GCC_DYNAMIC_NO_PIC = NO;
				GCC_NO_COMMON_BLOCKS = YES;
				GCC_OPTIMIZATION_LEVEL = 0;
				GCC_PREPROCESSOR_DEFINITIONS = (
					"DEBUG=1",
					"$(inherited)",
				);
				GCC_WARN_64_TO_32_BIT_CONVERSION = YES;
				GCC_WARN_ABOUT_RETURN_TYPE = YES_ERROR;
				GCC_WARN_UNDECLARED_SELECTOR = YES;
				GCC_WARN_UNINITIALIZED_AUTOS = YES_AGGRESSIVE;
				GCC_WARN_UNUSED_FUNCTION = YES;
				GCC_WARN_UNUSED_VARIABLE = YES;
				IPHONEOS_DEPLOYMENT_TARGET = 14.5;
				MTL_ENABLE_DEBUG_INFO = INCLUDE_SOURCE;
				MTL_FAST_MATH = YES;
				ONLY_ACTIVE_ARCH = YES;
				SDKROOT = iphoneos;
				SWIFT_ACTIVE_COMPILATION_CONDITIONS = DEBUG;
				SWIFT_OPTIMIZATION_LEVEL = "-Onone";
			};
			name = Debug;
		};
		FA0E8CD426CC2EA40034BB09 /* Release */ = {
			isa = XCBuildConfiguration;
			buildSettings = {
				ALWAYS_SEARCH_USER_PATHS = NO;
				CLANG_ANALYZER_NONNULL = YES;
				CLANG_ANALYZER_NUMBER_OBJECT_CONVERSION = YES_AGGRESSIVE;
				CLANG_CXX_LANGUAGE_STANDARD = "gnu++14";
				CLANG_CXX_LIBRARY = "libc++";
				CLANG_ENABLE_MODULES = YES;
				CLANG_ENABLE_OBJC_ARC = YES;
				CLANG_ENABLE_OBJC_WEAK = YES;
				CLANG_WARN_BLOCK_CAPTURE_AUTORELEASING = YES;
				CLANG_WARN_BOOL_CONVERSION = YES;
				CLANG_WARN_COMMA = YES;
				CLANG_WARN_CONSTANT_CONVERSION = YES;
				CLANG_WARN_DEPRECATED_OBJC_IMPLEMENTATIONS = YES;
				CLANG_WARN_DIRECT_OBJC_ISA_USAGE = YES_ERROR;
				CLANG_WARN_DOCUMENTATION_COMMENTS = YES;
				CLANG_WARN_EMPTY_BODY = YES;
				CLANG_WARN_ENUM_CONVERSION = YES;
				CLANG_WARN_INFINITE_RECURSION = YES;
				CLANG_WARN_INT_CONVERSION = YES;
				CLANG_WARN_NON_LITERAL_NULL_CONVERSION = YES;
				CLANG_WARN_OBJC_IMPLICIT_RETAIN_SELF = YES;
				CLANG_WARN_OBJC_LITERAL_CONVERSION = YES;
				CLANG_WARN_OBJC_ROOT_CLASS = YES_ERROR;
				CLANG_WARN_QUOTED_INCLUDE_IN_FRAMEWORK_HEADER = YES;
				CLANG_WARN_RANGE_LOOP_ANALYSIS = YES;
				CLANG_WARN_STRICT_PROTOTYPES = YES;
				CLANG_WARN_SUSPICIOUS_MOVE = YES;
				CLANG_WARN_UNGUARDED_AVAILABILITY = YES_AGGRESSIVE;
				CLANG_WARN_UNREACHABLE_CODE = YES;
				CLANG_WARN__DUPLICATE_METHOD_MATCH = YES;
				COPY_PHASE_STRIP = NO;
				DEBUG_INFORMATION_FORMAT = "dwarf-with-dsym";
				ENABLE_NS_ASSERTIONS = NO;
				ENABLE_STRICT_OBJC_MSGSEND = YES;
				GCC_C_LANGUAGE_STANDARD = gnu11;
				GCC_NO_COMMON_BLOCKS = YES;
				GCC_WARN_64_TO_32_BIT_CONVERSION = YES;
				GCC_WARN_ABOUT_RETURN_TYPE = YES_ERROR;
				GCC_WARN_UNDECLARED_SELECTOR = YES;
				GCC_WARN_UNINITIALIZED_AUTOS = YES_AGGRESSIVE;
				GCC_WARN_UNUSED_FUNCTION = YES;
				GCC_WARN_UNUSED_VARIABLE = YES;
				IPHONEOS_DEPLOYMENT_TARGET = 14.5;
				MTL_ENABLE_DEBUG_INFO = NO;
				MTL_FAST_MATH = YES;
				SDKROOT = iphoneos;
				SWIFT_COMPILATION_MODE = wholemodule;
				SWIFT_OPTIMIZATION_LEVEL = "-O";
				VALIDATE_PRODUCT = YES;
			};
			name = Release;
		};
		FA0E8CD626CC2EA40034BB09 /* Debug */ = {
			isa = XCBuildConfiguration;
			buildSettings = {
				ASSETCATALOG_COMPILER_APPICON_NAME = AppIcon;
				ASSETCATALOG_COMPILER_GLOBAL_ACCENT_COLOR_NAME = AccentColor;
				CODE_SIGN_STYLE = Automatic;
				DEVELOPMENT_ASSET_PATHS = "\"StonksPump/Preview Content\"";
				DEVELOPMENT_TEAM = 7T576ARGA3;
				ENABLE_PREVIEWS = YES;
				INFOPLIST_FILE = StonksPump/Info.plist;
				IPHONEOS_DEPLOYMENT_TARGET = 14.0;
				LD_RUNPATH_SEARCH_PATHS = (
					"$(inherited)",
					"@executable_path/Frameworks",
				);
				PRODUCT_BUNDLE_IDENTIFIER = com.pet.dev.StonksPump;
				PRODUCT_NAME = "$(TARGET_NAME)";
				SWIFT_VERSION = 5.0;
				TARGETED_DEVICE_FAMILY = "1,2";
			};
			name = Debug;
		};
		FA0E8CD726CC2EA40034BB09 /* Release */ = {
			isa = XCBuildConfiguration;
			buildSettings = {
				ASSETCATALOG_COMPILER_APPICON_NAME = AppIcon;
				ASSETCATALOG_COMPILER_GLOBAL_ACCENT_COLOR_NAME = AccentColor;
				CODE_SIGN_STYLE = Automatic;
				DEVELOPMENT_ASSET_PATHS = "\"StonksPump/Preview Content\"";
				DEVELOPMENT_TEAM = 7T576ARGA3;
				ENABLE_PREVIEWS = YES;
				INFOPLIST_FILE = StonksPump/Info.plist;
				IPHONEOS_DEPLOYMENT_TARGET = 14.0;
				LD_RUNPATH_SEARCH_PATHS = (
					"$(inherited)",
					"@executable_path/Frameworks",
				);
				PRODUCT_BUNDLE_IDENTIFIER = com.pet.dev.StonksPump;
				PRODUCT_NAME = "$(TARGET_NAME)";
				SWIFT_VERSION = 5.0;
				TARGETED_DEVICE_FAMILY = "1,2";
			};
			name = Release;
		};
/* End XCBuildConfiguration section */

/* Begin XCConfigurationList section */
		FA0E8CC126CC2EA20034BB09 /* Build configuration list for PBXProject "StonksPump" */ = {
			isa = XCConfigurationList;
			buildConfigurations = (
				FA0E8CD326CC2EA40034BB09 /* Debug */,
				FA0E8CD426CC2EA40034BB09 /* Release */,
			);
			defaultConfigurationIsVisible = 0;
			defaultConfigurationName = Release;
		};
		FA0E8CD526CC2EA40034BB09 /* Build configuration list for PBXNativeTarget "StonksPump" */ = {
			isa = XCConfigurationList;
			buildConfigurations = (
				FA0E8CD626CC2EA40034BB09 /* Debug */,
				FA0E8CD726CC2EA40034BB09 /* Release */,
			);
			defaultConfigurationIsVisible = 0;
			defaultConfigurationName = Release;
		};
/* End XCConfigurationList section */

/* Begin XCVersionGroup section */
		FA0E8D1926DB99510034BB09 /* PortfolioContainer.xcdatamodeld */ = {
			isa = XCVersionGroup;
			children = (
				FA0E8D1A26DB99510034BB09 /* PortfolioContainer.xcdatamodel */,
			);
			currentVersion = FA0E8D1A26DB99510034BB09 /* PortfolioContainer.xcdatamodel */;
			path = PortfolioContainer.xcdatamodeld;
			sourceTree = "<group>";
			versionGroupType = wrapper.xcdatamodel;
		};
/* End XCVersionGroup section */
	};
	rootObject = FA0E8CBE26CC2EA20034BB09 /* Project object */;
}
